
Microsoft Visual Studio Solution File, Format Version 12.00
# Visual Studio Version 16
VisualStudioVersion = 16.0.29215.179
MinimumVisualStudioVersion = 10.0.40219.1
Project("{FAE04EC0-301F-11D3-BF4B-00C04F79EFBC}") = "AGGrid", "AGGrid\AGGrid.csproj", "{6166E006-82C4-4D22-B626-34E47C20A3D1}"
EndProject
Global
	GlobalSection(SolutionConfigurationPlatforms) = preSolution
		Debug|Any CPU = Debug|Any CPU
		Release|Any CPU = Release|Any CPU
	EndGlobalSection
	GlobalSection(ProjectConfigurationPlatforms) = postSolution
		{6166E006-82C4-4D22-B626-34E47C20A3D1}.Debug|Any CPU.ActiveCfg = Debug|Any CPU
		{6166E006-82C4-4D22-B626-34E47C20A3D1}.Debug|Any CPU.Build.0 = Debug|Any CPU
		{6166E006-82C4-4D22-B626-34E47C20A3D1}.Release|Any CPU.ActiveCfg = Release|Any CPU
		{6166E006-82C4-4D22-B626-34E47C20A3D1}.Release|Any CPU.Build.0 = Release|Any CPU
	EndGlobalSection
	GlobalSection(SolutionProperties) = preSolution
		HideSolutionNode = FALSE
	EndGlobalSection
	GlobalSection(ExtensibilityGlobals) = postSolution
		SolutionGuid = {7D2B7BB7-53D4-470C-9174-E7257D8DEB2A}
	EndGlobalSection
EndGlobal
